// !$*UTF8*$!
{
	archiveVersion = 1;
	classes = {
	};
	objectVersion = 46;
	objects = {

/* Begin PBXBuildFile section */
		452C490E1E09BA6C00334199 /* Day10.swift in Sources */ = {isa = PBXBuildFile; fileRef = 452C490D1E09BA6C00334199 /* Day10.swift */; };
		4539CB441DF0B8A900644D72 /* main.swift in Sources */ = {isa = PBXBuildFile; fileRef = 4539CB431DF0B8A900644D72 /* main.swift */; };
		4539CB591DF0BA7900644D72 /* Day1.swift in Sources */ = {isa = PBXBuildFile; fileRef = 4539CB581DF0BA7900644D72 /* Day1.swift */; };
		4539CB731DF4089C00644D72 /* Day3.swift in Sources */ = {isa = PBXBuildFile; fileRef = 4539CB721DF4089C00644D72 /* Day3.swift */; };
		4539CB751DF6074300644D72 /* Day5.swift in Sources */ = {isa = PBXBuildFile; fileRef = 4539CB741DF6074300644D72 /* Day5.swift */; };
		4539CB791DF7368E00644D72 /* Day6.swift in Sources */ = {isa = PBXBuildFile; fileRef = 4539CB781DF7368E00644D72 /* Day6.swift */; };
		455E68521DF5CA7B003194B6 /* Day4.swift in Sources */ = {isa = PBXBuildFile; fileRef = 455E68511DF5CA7B003194B6 /* Day4.swift */; };
		4571B90B1E05D3F7001E97DB /* Day8.swift in Sources */ = {isa = PBXBuildFile; fileRef = 4571B90A1E05D3F7001E97DB /* Day8.swift */; };
		4571B90E1E05E3FF001E97DB /* Day9.swift in Sources */ = {isa = PBXBuildFile; fileRef = 4571B90D1E05E3FF001E97DB /* Day9.swift */; };
		4579ECC11DF17AEC00CC88D8 /* Day2.swift in Sources */ = {isa = PBXBuildFile; fileRef = 4579ECC01DF17AEC00CC88D8 /* Day2.swift */; };
		457BBA641DFEFA7A00810F34 /* Day7.swift in Sources */ = {isa = PBXBuildFile; fileRef = 457BBA631DFEFA7A00810F34 /* Day7.swift */; };
/* End PBXBuildFile section */

/* Begin PBXCopyFilesBuildPhase section */
		4539CB3E1DF0B8A800644D72 /* CopyFiles */ = {
			isa = PBXCopyFilesBuildPhase;
			buildActionMask = 2147483647;
			dstPath = /usr/share/man/man1/;
			dstSubfolderSpec = 0;
			files = (
			);
			runOnlyForDeploymentPostprocessing = 1;
		};
/* End PBXCopyFilesBuildPhase section */

/* Begin PBXFileReference section */
		452C490C1E09BA3F00334199 /* 10 */ = {isa = PBXFileReference; fileEncoding = 4; lastKnownFileType = text; name = 10; path = Input/10; sourceTree = "<group>"; };
		452C490D1E09BA6C00334199 /* Day10.swift */ = {isa = PBXFileReference; fileEncoding = 4; lastKnownFileType = sourcecode.swift; path = Day10.swift; sourceTree = "<group>"; };
		4539CB401DF0B8A900644D72 /* AdventOfCode2016 */ = {isa = PBXFileReference; explicitFileType = "compiled.mach-o.executable"; includeInIndex = 0; path = AdventOfCode2016; sourceTree = BUILT_PRODUCTS_DIR; };
		4539CB431DF0B8A900644D72 /* main.swift */ = {isa = PBXFileReference; lastKnownFileType = sourcecode.swift; path = main.swift; sourceTree = "<group>"; };
		4539CB581DF0BA7900644D72 /* Day1.swift */ = {isa = PBXFileReference; fileEncoding = 4; lastKnownFileType = sourcecode.swift; path = Day1.swift; sourceTree = "<group>"; };
		4539CB5A1DF0BC7600644D72 /* 1 */ = {isa = PBXFileReference; fileEncoding = 4; lastKnownFileType = text; name = 1; path = Input/1; sourceTree = "<group>"; };
		4539CB711DF4085D00644D72 /* 3 */ = {isa = PBXFileReference; fileEncoding = 4; lastKnownFileType = text; name = 3; path = Input/3; sourceTree = "<group>"; };
		4539CB721DF4089C00644D72 /* Day3.swift */ = {isa = PBXFileReference; fileEncoding = 4; lastKnownFileType = sourcecode.swift; path = Day3.swift; sourceTree = "<group>"; };
		4539CB741DF6074300644D72 /* Day5.swift */ = {isa = PBXFileReference; fileEncoding = 4; lastKnownFileType = sourcecode.swift; path = Day5.swift; sourceTree = "<group>"; };
		4539CB761DF6076400644D72 /* 5 */ = {isa = PBXFileReference; fileEncoding = 4; lastKnownFileType = text; name = 5; path = Input/5; sourceTree = "<group>"; };
		4539CB771DF6082700644D72 /* AdventOfCode2016-Bridging-Header.h */ = {isa = PBXFileReference; lastKnownFileType = sourcecode.c.h; path = "AdventOfCode2016-Bridging-Header.h"; sourceTree = "<group>"; };
		4539CB781DF7368E00644D72 /* Day6.swift */ = {isa = PBXFileReference; fileEncoding = 4; lastKnownFileType = sourcecode.swift; path = Day6.swift; sourceTree = "<group>"; };
		4539CB7A1DF7369900644D72 /* 6 */ = {isa = PBXFileReference; fileEncoding = 4; lastKnownFileType = text; name = 6; path = Input/6; sourceTree = "<group>"; };
		455E68501DF5CA6D003194B6 /* 4 */ = {isa = PBXFileReference; fileEncoding = 4; lastKnownFileType = text; name = 4; path = Input/4; sourceTree = "<group>"; };
		455E68511DF5CA7B003194B6 /* Day4.swift */ = {isa = PBXFileReference; fileEncoding = 4; lastKnownFileType = sourcecode.swift; path = Day4.swift; sourceTree = "<group>"; };
		4571B9091E05D3C9001E97DB /* 8 */ = {isa = PBXFileReference; fileEncoding = 4; lastKnownFileType = text; name = 8; path = Input/8; sourceTree = "<group>"; };
		4571B90A1E05D3F7001E97DB /* Day8.swift */ = {isa = PBXFileReference; fileEncoding = 4; lastKnownFileType = sourcecode.swift; path = Day8.swift; sourceTree = "<group>"; };
		4571B90C1E05E3E9001E97DB /* 9 */ = {isa = PBXFileReference; fileEncoding = 4; lastKnownFileType = text; name = 9; path = Input/9; sourceTree = "<group>"; };
		4571B90D1E05E3FF001E97DB /* Day9.swift */ = {isa = PBXFileReference; fileEncoding = 4; lastKnownFileType = sourcecode.swift; path = Day9.swift; sourceTree = "<group>"; };
		4579ECBF1DF17AD900CC88D8 /* 2 */ = {isa = PBXFileReference; fileEncoding = 4; lastKnownFileType = text; name = 2; path = Input/2; sourceTree = "<group>"; };
		4579ECC01DF17AEC00CC88D8 /* Day2.swift */ = {isa = PBXFileReference; fileEncoding = 4; lastKnownFileType = sourcecode.swift; path = Day2.swift; sourceTree = "<group>"; };
		457BBA621DFEFA6600810F34 /* 7 */ = {isa = PBXFileReference; fileEncoding = 4; lastKnownFileType = text; name = 7; path = Input/7; sourceTree = "<group>"; };
		457BBA631DFEFA7A00810F34 /* Day7.swift */ = {isa = PBXFileReference; fileEncoding = 4; lastKnownFileType = sourcecode.swift; path = Day7.swift; sourceTree = "<group>"; };
/* End PBXFileReference section */

/* Begin PBXFrameworksBuildPhase section */
		4539CB3D1DF0B8A800644D72 /* Frameworks */ = {
			isa = PBXFrameworksBuildPhase;
			buildActionMask = 2147483647;
			files = (
			);
			runOnlyForDeploymentPostprocessing = 0;
		};
/* End PBXFrameworksBuildPhase section */

/* Begin PBXGroup section */
		4539CB371DF0B8A800644D72 = {
			isa = PBXGroup;
			children = (
				4539CB561DF0BA3100644D72 /* Input */,
				4539CB421DF0B8A900644D72 /* Source */,
				4539CB411DF0B8A900644D72 /* Products */,
			);
			sourceTree = "<group>";
		};
		4539CB411DF0B8A900644D72 /* Products */ = {
			isa = PBXGroup;
			children = (
				4539CB401DF0B8A900644D72 /* AdventOfCode2016 */,
			);
			name = Products;
			sourceTree = "<group>";
		};
		4539CB421DF0B8A900644D72 /* Source */ = {
			isa = PBXGroup;
			children = (
				4539CB431DF0B8A900644D72 /* main.swift */,
				4539CB581DF0BA7900644D72 /* Day1.swift */,
				4579ECC01DF17AEC00CC88D8 /* Day2.swift */,
				4539CB721DF4089C00644D72 /* Day3.swift */,
				455E68511DF5CA7B003194B6 /* Day4.swift */,
				4539CB741DF6074300644D72 /* Day5.swift */,
				4539CB781DF7368E00644D72 /* Day6.swift */,
				457BBA631DFEFA7A00810F34 /* Day7.swift */,
				4571B90A1E05D3F7001E97DB /* Day8.swift */,
				4571B90D1E05E3FF001E97DB /* Day9.swift */,
				452C490D1E09BA6C00334199 /* Day10.swift */,
				4539CB771DF6082700644D72 /* AdventOfCode2016-Bridging-Header.h */,
			);
			name = Source;
			path = AdventOfCode2016;
			sourceTree = "<group>";
		};
		4539CB561DF0BA3100644D72 /* Input */ = {
			isa = PBXGroup;
			children = (
				4539CB5A1DF0BC7600644D72 /* 1 */,
				4579ECBF1DF17AD900CC88D8 /* 2 */,
				4539CB711DF4085D00644D72 /* 3 */,
				455E68501DF5CA6D003194B6 /* 4 */,
				4539CB761DF6076400644D72 /* 5 */,
				4539CB7A1DF7369900644D72 /* 6 */,
				457BBA621DFEFA6600810F34 /* 7 */,
				4571B9091E05D3C9001E97DB /* 8 */,
				4571B90C1E05E3E9001E97DB /* 9 */,
				452C490C1E09BA3F00334199 /* 10 */,
			);
			name = Input;
			sourceTree = "<group>";
		};
/* End PBXGroup section */

/* Begin PBXNativeTarget section */
		4539CB3F1DF0B8A800644D72 /* AdventOfCode2016 */ = {
			isa = PBXNativeTarget;
			buildConfigurationList = 4539CB471DF0B8A900644D72 /* Build configuration list for PBXNativeTarget "AdventOfCode2016" */;
			buildPhases = (
				4539CB3C1DF0B8A800644D72 /* Sources */,
				4539CB3D1DF0B8A800644D72 /* Frameworks */,
				4539CB3E1DF0B8A800644D72 /* CopyFiles */,
				4579ECC21DF18FFC00CC88D8 /* ShellScript */,
			);
			buildRules = (
			);
			dependencies = (
			);
			name = AdventOfCode2016;
			productName = AdventOfCode2016;
			productReference = 4539CB401DF0B8A900644D72 /* AdventOfCode2016 */;
			productType = "com.apple.product-type.tool";
		};
/* End PBXNativeTarget section */

/* Begin PBXProject section */
		4539CB381DF0B8A800644D72 /* Project object */ = {
			isa = PBXProject;
			attributes = {
				LastSwiftUpdateCheck = 0810;
				LastUpgradeCheck = 0810;
				ORGANIZATIONNAME = "sonderby Inc.";
				TargetAttributes = {
					4539CB3F1DF0B8A800644D72 = {
						CreatedOnToolsVersion = 8.1;
						ProvisioningStyle = Automatic;
					};
				};
			};
			buildConfigurationList = 4539CB3B1DF0B8A800644D72 /* Build configuration list for PBXProject "AdventOfCode2016" */;
			compatibilityVersion = "Xcode 3.2";
			developmentRegion = English;
			hasScannedForEncodings = 0;
			knownRegions = (
				en,
			);
			mainGroup = 4539CB371DF0B8A800644D72;
			productRefGroup = 4539CB411DF0B8A900644D72 /* Products */;
			projectDirPath = "";
			projectRoot = "";
			targets = (
				4539CB3F1DF0B8A800644D72 /* AdventOfCode2016 */,
			);
		};
/* End PBXProject section */

/* Begin PBXShellScriptBuildPhase section */
		4579ECC21DF18FFC00CC88D8 /* ShellScript */ = {
			isa = PBXShellScriptBuildPhase;
			buildActionMask = 2147483647;
			files = (
			);
			inputPaths = (
			);
			outputPaths = (
			);
			runOnlyForDeploymentPostprocessing = 0;
			shellPath = /bin/sh;
			shellScript = "if which swiftlint >/dev/null; then\n  echo swiftlint\nelse\n  echo \"warning: SwiftLint not installed, download from https://github.com/realm/SwiftLint\"\nfi";
		};
/* End PBXShellScriptBuildPhase section */

/* Begin PBXSourcesBuildPhase section */
		4539CB3C1DF0B8A800644D72 /* Sources */ = {
			isa = PBXSourcesBuildPhase;
			buildActionMask = 2147483647;
			files = (
				4539CB591DF0BA7900644D72 /* Day1.swift in Sources */,
				455E68521DF5CA7B003194B6 /* Day4.swift in Sources */,
				457BBA641DFEFA7A00810F34 /* Day7.swift in Sources */,
				4579ECC11DF17AEC00CC88D8 /* Day2.swift in Sources */,
				4539CB731DF4089C00644D72 /* Day3.swift in Sources */,
				4539CB751DF6074300644D72 /* Day5.swift in Sources */,
				4571B90E1E05E3FF001E97DB /* Day9.swift in Sources */,
				452C490E1E09BA6C00334199 /* Day10.swift in Sources */,
				4539CB791DF7368E00644D72 /* Day6.swift in Sources */,
				4571B90B1E05D3F7001E97DB /* Day8.swift in Sources */,
				4539CB441DF0B8A900644D72 /* main.swift in Sources */,
			);
			runOnlyForDeploymentPostprocessing = 0;
		};
/* End PBXSourcesBuildPhase section */

/* Begin XCBuildConfiguration section */
		4539CB451DF0B8A900644D72 /* Debug */ = {
			isa = XCBuildConfiguration;
			buildSettings = {
				ALWAYS_SEARCH_USER_PATHS = NO;
				CLANG_ANALYZER_NONNULL = YES;
				CLANG_CXX_LANGUAGE_STANDARD = "gnu++0x";
				CLANG_CXX_LIBRARY = "libc++";
				CLANG_ENABLE_MODULES = YES;
				CLANG_ENABLE_OBJC_ARC = YES;
				CLANG_WARN_BOOL_CONVERSION = YES;
				CLANG_WARN_CONSTANT_CONVERSION = YES;
				CLANG_WARN_DIRECT_OBJC_ISA_USAGE = YES_ERROR;
				CLANG_WARN_DOCUMENTATION_COMMENTS = YES;
				CLANG_WARN_EMPTY_BODY = YES;
				CLANG_WARN_ENUM_CONVERSION = YES;
				CLANG_WARN_INFINITE_RECURSION = YES;
				CLANG_WARN_INT_CONVERSION = YES;
				CLANG_WARN_OBJC_ROOT_CLASS = YES_ERROR;
				CLANG_WARN_SUSPICIOUS_MOVES = YES;
				CLANG_WARN_UNREACHABLE_CODE = YES;
				CLANG_WARN__DUPLICATE_METHOD_MATCH = YES;
				CODE_SIGN_IDENTITY = "-";
				COPY_PHASE_STRIP = NO;
				DEBUG_INFORMATION_FORMAT = dwarf;
				ENABLE_STRICT_OBJC_MSGSEND = YES;
				ENABLE_TESTABILITY = YES;
				GCC_C_LANGUAGE_STANDARD = gnu99;
				GCC_DYNAMIC_NO_PIC = NO;
				GCC_NO_COMMON_BLOCKS = YES;
				GCC_OPTIMIZATION_LEVEL = 0;
				GCC_PREPROCESSOR_DEFINITIONS = (
					"DEBUG=1",
					"$(inherited)",
				);
				GCC_WARN_64_TO_32_BIT_CONVERSION = YES;
				GCC_WARN_ABOUT_RETURN_TYPE = YES_ERROR;
				GCC_WARN_UNDECLARED_SELECTOR = YES;
				GCC_WARN_UNINITIALIZED_AUTOS = YES_AGGRESSIVE;
				GCC_WARN_UNUSED_FUNCTION = YES;
				GCC_WARN_UNUSED_VARIABLE = YES;
				MACOSX_DEPLOYMENT_TARGET = 10.12;
				MTL_ENABLE_DEBUG_INFO = YES;
				ONLY_ACTIVE_ARCH = YES;
				SDKROOT = macosx;
				SWIFT_OBJC_BRIDGING_HEADER = "$(SRCROOT)/AdventOfCode2016/AdventOfCode2016-Bridging-Header.h";
				SWIFT_OPTIMIZATION_LEVEL = "-Onone";
			};
			name = Debug;
		};
		4539CB461DF0B8A900644D72 /* Release */ = {
			isa = XCBuildConfiguration;
			buildSettings = {
				ALWAYS_SEARCH_USER_PATHS = NO;
				CLANG_ANALYZER_NONNULL = YES;
				CLANG_CXX_LANGUAGE_STANDARD = "gnu++0x";
				CLANG_CXX_LIBRARY = "libc++";
				CLANG_ENABLE_MODULES = YES;
				CLANG_ENABLE_OBJC_ARC = YES;
				CLANG_WARN_BOOL_CONVERSION = YES;
				CLANG_WARN_CONSTANT_CONVERSION = YES;
				CLANG_WARN_DIRECT_OBJC_ISA_USAGE = YES_ERROR;
				CLANG_WARN_DOCUMENTATION_COMMENTS = YES;
				CLANG_WARN_EMPTY_BODY = YES;
				CLANG_WARN_ENUM_CONVERSION = YES;
				CLANG_WARN_INFINITE_RECURSION = YES;
				CLANG_WARN_INT_CONVERSION = YES;
				CLANG_WARN_OBJC_ROOT_CLASS = YES_ERROR;
				CLANG_WARN_SUSPICIOUS_MOVES = YES;
				CLANG_WARN_UNREACHABLE_CODE = YES;
				CLANG_WARN__DUPLICATE_METHOD_MATCH = YES;
				CODE_SIGN_IDENTITY = "-";
				COPY_PHASE_STRIP = NO;
				DEBUG_INFORMATION_FORMAT = "dwarf-with-dsym";
				ENABLE_NS_ASSERTIONS = NO;
				ENABLE_STRICT_OBJC_MSGSEND = YES;
				GCC_C_LANGUAGE_STANDARD = gnu99;
				GCC_NO_COMMON_BLOCKS = YES;
				GCC_WARN_64_TO_32_BIT_CONVERSION = YES;
				GCC_WARN_ABOUT_RETURN_TYPE = YES_ERROR;
				GCC_WARN_UNDECLARED_SELECTOR = YES;
				GCC_WARN_UNINITIALIZED_AUTOS = YES_AGGRESSIVE;
				GCC_WARN_UNUSED_FUNCTION = YES;
				GCC_WARN_UNUSED_VARIABLE = YES;
				MACOSX_DEPLOYMENT_TARGET = 10.12;
				MTL_ENABLE_DEBUG_INFO = NO;
				SDKROOT = macosx;
				SWIFT_OBJC_BRIDGING_HEADER = "$(SRCROOT)/AdventOfCode2016/AdventOfCode2016-Bridging-Header.h";
			};
			name = Release;
		};
		4539CB481DF0B8A900644D72 /* Debug */ = {
			isa = XCBuildConfiguration;
			buildSettings = {
				PRODUCT_NAME = "$(TARGET_NAME)";
				SWIFT_VERSION = 3.0;
			};
			name = Debug;
		};
		4539CB491DF0B8A900644D72 /* Release */ = {
			isa = XCBuildConfiguration;
			buildSettings = {
				PRODUCT_NAME = "$(TARGET_NAME)";
				SWIFT_VERSION = 3.0;
			};
			name = Release;
		};
/* End XCBuildConfiguration section */

/* Begin XCConfigurationList section */
		4539CB3B1DF0B8A800644D72 /* Build configuration list for PBXProject "AdventOfCode2016" */ = {
			isa = XCConfigurationList;
			buildConfigurations = (
				4539CB451DF0B8A900644D72 /* Debug */,
				4539CB461DF0B8A900644D72 /* Release */,
			);
			defaultConfigurationIsVisible = 0;
			defaultConfigurationName = Release;
		};
		4539CB471DF0B8A900644D72 /* Build configuration list for PBXNativeTarget "AdventOfCode2016" */ = {
			isa = XCConfigurationList;
			buildConfigurations = (
				4539CB481DF0B8A900644D72 /* Debug */,
				4539CB491DF0B8A900644D72 /* Release */,
			);
			defaultConfigurationIsVisible = 0;
			defaultConfigurationName = Release;
		};
/* End XCConfigurationList section */
	};
	rootObject = 4539CB381DF0B8A800644D72 /* Project object */;
}
